
Microsoft Visual Studio Solution File, Format Version 12.00
# Visual Studio 15
VisualStudioVersion = 15.0.27703.2026
MinimumVisualStudioVersion = 10.0.40219.1
Project("{FAE04EC0-301F-11D3-BF4B-00C04F79EFBC}") = "MagicConquerers", "MagicConquerers\MagicConquerers.csproj", "{8B61BEDC-8D15-436D-B328-C7E501F68D71}"
EndProject
Global
	GlobalSection(SolutionConfigurationPlatforms) = preSolution
		Debug|Any CPU = Debug|Any CPU
		Release|Any CPU = Release|Any CPU
	EndGlobalSection
	GlobalSection(ProjectConfigurationPlatforms) = postSolution
		{8B61BEDC-8D15-436D-B328-C7E501F68D71}.Debug|Any CPU.ActiveCfg = Debug|Any CPU
		{8B61BEDC-8D15-436D-B328-C7E501F68D71}.Debug|Any CPU.Build.0 = Debug|Any CPU
		{8B61BEDC-8D15-436D-B328-C7E501F68D71}.Release|Any CPU.ActiveCfg = Release|Any CPU
		{8B61BEDC-8D15-436D-B328-C7E501F68D71}.Release|Any CPU.Build.0 = Release|Any CPU
	EndGlobalSection
	GlobalSection(SolutionProperties) = preSolution
		HideSolutionNode = FALSE
	EndGlobalSection
	GlobalSection(ExtensibilityGlobals) = postSolution
		SolutionGuid = {BEE4EAC2-F898-4CCD-8683-B55651457841}
	EndGlobalSection
EndGlobal
